
Microsoft Visual Studio Solution File, Format Version 12.00
# Visual Studio 2012
Project("{2150E333-8FDC-42A3-9474-1A3956D46DE8}") = ".nuget", ".nuget", "{8F410901-DAC1-4055-859F-ACDECF47158F}"
	ProjectSection(SolutionItems) = preProject
		.nuget\NuGet.Config = .nuget\NuGet.Config
		.nuget\NuGet.exe = .nuget\NuGet.exe
		.nuget\NuGet.targets = .nuget\NuGet.targets
	EndProjectSection
EndProject
Project("{2150E333-8FDC-42A3-9474-1A3956D46DE8}") = "SolutionItems", "SolutionItems", "{25F2AD33-003F-4234-944C-FDA606785945}"
	ProjectSection(SolutionItems) = preProject
		README.md = README.md
	EndProjectSection
EndProject
Project("{FAE04EC0-301F-11D3-BF4B-00C04F79EFBC}") = "IceCream.Forms", "IceCream.Forms\IceCream.Forms.csproj", "{4DE5AB3F-426F-4D9E-975B-AAF5E7029666}"
EndProject
Project("{FAE04EC0-301F-11D3-BF4B-00C04F79EFBC}") = "IceCream.Lib", "IceCream.Lib\IceCream.Lib.csproj", "{BA74E02E-16FE-4356-8A39-227AC0029E27}"
EndProject
Project("{FAE04EC0-301F-11D3-BF4B-00C04F79EFBC}") = "IceCream.Lib.Tests", "IceCream.Lib.Tests\IceCream.Lib.Tests.csproj", "{FA520A80-5FD0-4768-BDA6-3DED9509CB56}"
EndProject
Project("{FAE04EC0-301F-11D3-BF4B-00C04F79EFBC}") = "IceCream.Forms.Tests", "IceCream.Forms.Tests\IceCream.Forms.Tests.csproj", "{B41479E5-66CD-49A1-86F8-37A17C814286}"
EndProject
Global
	GlobalSection(SolutionConfigurationPlatforms) = preSolution
		Debug|Any CPU = Debug|Any CPU
		Release|Any CPU = Release|Any CPU
	EndGlobalSection
	GlobalSection(ProjectConfigurationPlatforms) = postSolution
		{4DE5AB3F-426F-4D9E-975B-AAF5E7029666}.Debug|Any CPU.ActiveCfg = Debug|Any CPU
		{4DE5AB3F-426F-4D9E-975B-AAF5E7029666}.Debug|Any CPU.Build.0 = Debug|Any CPU
		{4DE5AB3F-426F-4D9E-975B-AAF5E7029666}.Release|Any CPU.ActiveCfg = Release|Any CPU
		{4DE5AB3F-426F-4D9E-975B-AAF5E7029666}.Release|Any CPU.Build.0 = Release|Any CPU
		{BA74E02E-16FE-4356-8A39-227AC0029E27}.Debug|Any CPU.ActiveCfg = Debug|Any CPU
		{BA74E02E-16FE-4356-8A39-227AC0029E27}.Debug|Any CPU.Build.0 = Debug|Any CPU
		{BA74E02E-16FE-4356-8A39-227AC0029E27}.Release|Any CPU.ActiveCfg = Release|Any CPU
		{BA74E02E-16FE-4356-8A39-227AC0029E27}.Release|Any CPU.Build.0 = Release|Any CPU
		{FA520A80-5FD0-4768-BDA6-3DED9509CB56}.Debug|Any CPU.ActiveCfg = Debug|Any CPU
		{FA520A80-5FD0-4768-BDA6-3DED9509CB56}.Debug|Any CPU.Build.0 = Debug|Any CPU
		{FA520A80-5FD0-4768-BDA6-3DED9509CB56}.Release|Any CPU.ActiveCfg = Release|Any CPU
		{FA520A80-5FD0-4768-BDA6-3DED9509CB56}.Release|Any CPU.Build.0 = Release|Any CPU
		{B41479E5-66CD-49A1-86F8-37A17C814286}.Debug|Any CPU.ActiveCfg = Debug|Any CPU
		{B41479E5-66CD-49A1-86F8-37A17C814286}.Debug|Any CPU.Build.0 = Debug|Any CPU
		{B41479E5-66CD-49A1-86F8-37A17C814286}.Release|Any CPU.ActiveCfg = Release|Any CPU
		{B41479E5-66CD-49A1-86F8-37A17C814286}.Release|Any CPU.Build.0 = Release|Any CPU
	EndGlobalSection
	GlobalSection(SolutionProperties) = preSolution
		HideSolutionNode = FALSE
	EndGlobalSection
EndGlobal
